
Microsoft Visual Studio Solution File, Format Version 11.00
# Visual Studio 2010
Project("{FAE04EC0-301F-11D3-BF4B-00C04F79EFBC}") = "ParallelRunner", "ParallelRunner\ParallelRunner.csproj", "{1F6E402D-7543-422F-B2B3-FEF8B9BA5C4C}"
EndProject
Project("{FAE04EC0-301F-11D3-BF4B-00C04F79EFBC}") = "TestProj", "TestProj\TestProj.csproj", "{ACAE3AE5-0C57-4DFD-9B83-BECD4D5BB4F4}"
EndProject
Global
	GlobalSection(SolutionConfigurationPlatforms) = preSolution
		Debug|Any CPU = Debug|Any CPU
		Release|Any CPU = Release|Any CPU
	EndGlobalSection
	GlobalSection(ProjectConfigurationPlatforms) = postSolution
		{1F6E402D-7543-422F-B2B3-FEF8B9BA5C4C}.Debug|Any CPU.ActiveCfg = Debug|Any CPU
		{1F6E402D-7543-422F-B2B3-FEF8B9BA5C4C}.Debug|Any CPU.Build.0 = Debug|Any CPU
		{1F6E402D-7543-422F-B2B3-FEF8B9BA5C4C}.Release|Any CPU.ActiveCfg = Release|Any CPU
		{1F6E402D-7543-422F-B2B3-FEF8B9BA5C4C}.Release|Any CPU.Build.0 = Release|Any CPU
		{ACAE3AE5-0C57-4DFD-9B83-BECD4D5BB4F4}.Debug|Any CPU.ActiveCfg = Debug|Any CPU
		{ACAE3AE5-0C57-4DFD-9B83-BECD4D5BB4F4}.Debug|Any CPU.Build.0 = Debug|Any CPU
		{ACAE3AE5-0C57-4DFD-9B83-BECD4D5BB4F4}.Release|Any CPU.ActiveCfg = Release|Any CPU
		{ACAE3AE5-0C57-4DFD-9B83-BECD4D5BB4F4}.Release|Any CPU.Build.0 = Release|Any CPU
	EndGlobalSection
	GlobalSection(SolutionProperties) = preSolution
		HideSolutionNode = FALSE
	EndGlobalSection
EndGlobal
